
Microsoft Visual Studio Solution File, Format Version 12.00
# Visual Studio 2013
VisualStudioVersion = 12.0.31101.0
MinimumVisualStudioVersion = 10.0.40219.1
Project("{FAE04EC0-301F-11D3-BF4B-00C04F79EFBC}") = "TaxOverflow2013", "TaxOverflow2013\TaxOverflow2013.csproj", "{2362ABF6-5795-4957-889E-232BA5E7A2E3}"
EndProject
Project("{FAE04EC0-301F-11D3-BF4B-00C04F79EFBC}") = "TestTODB", "TestTODB\TestTODB\TestTODB.csproj", "{690230D9-000E-4C04-9456-CF2BFCE9A5A7}"
EndProject
Global
	GlobalSection(SolutionConfigurationPlatforms) = preSolution
		Debug|Any CPU = Debug|Any CPU
		Release|Any CPU = Release|Any CPU
	EndGlobalSection
	GlobalSection(ProjectConfigurationPlatforms) = postSolution
		{2362ABF6-5795-4957-889E-232BA5E7A2E3}.Debug|Any CPU.ActiveCfg = Debug|Any CPU
		{2362ABF6-5795-4957-889E-232BA5E7A2E3}.Debug|Any CPU.Build.0 = Debug|Any CPU
		{2362ABF6-5795-4957-889E-232BA5E7A2E3}.Release|Any CPU.ActiveCfg = Release|Any CPU
		{2362ABF6-5795-4957-889E-232BA5E7A2E3}.Release|Any CPU.Build.0 = Release|Any CPU
		{690230D9-000E-4C04-9456-CF2BFCE9A5A7}.Debug|Any CPU.ActiveCfg = Debug|Any CPU
		{690230D9-000E-4C04-9456-CF2BFCE9A5A7}.Debug|Any CPU.Build.0 = Debug|Any CPU
		{690230D9-000E-4C04-9456-CF2BFCE9A5A7}.Release|Any CPU.ActiveCfg = Release|Any CPU
		{690230D9-000E-4C04-9456-CF2BFCE9A5A7}.Release|Any CPU.Build.0 = Release|Any CPU
	EndGlobalSection
	GlobalSection(SolutionProperties) = preSolution
		HideSolutionNode = FALSE
	EndGlobalSection
EndGlobal
